
Microsoft Visual Studio Solution File, Format Version 12.00
# Visual Studio Version 17
VisualStudioVersion = 17.11.35222.181
MinimumVisualStudioVersion = 10.0.40219.1
Project("{888888A0-9F3D-457C-B088-3A5042F75D52}") = "Keylogger", "Keylogger\Keylogger.pyproj", "{670A8226-8716-4D48-BBED-A00FD0A21588}"
EndProject
Global
	GlobalSection(SolutionConfigurationPlatforms) = preSolution
		Debug|Any CPU = Debug|Any CPU
		Release|Any CPU = Release|Any CPU
	EndGlobalSection
	GlobalSection(ProjectConfigurationPlatforms) = postSolution
		{670A8226-8716-4D48-BBED-A00FD0A21588}.Debug|Any CPU.ActiveCfg = Debug|Any CPU
		{670A8226-8716-4D48-BBED-A00FD0A21588}.Release|Any CPU.ActiveCfg = Release|Any CPU
	EndGlobalSection
	GlobalSection(SolutionProperties) = preSolution
		HideSolutionNode = FALSE
	EndGlobalSection
	GlobalSection(ExtensibilityGlobals) = postSolution
		SolutionGuid = {55C35149-2971-42EB-B13A-FA295E6C8FAE}
	EndGlobalSection
EndGlobal
